// !$*UTF8*$!
{
	archiveVersion = 1;
	classes = {
	};
	objectVersion = 48;
	objects = {

/* Begin PBXBuildFile section */
		5B423E47205ACE130017B3E5 /* TwilioVideo.framework in Frameworks */ = {isa = PBXBuildFile; fileRef = 5B423E46205ACE130017B3E5 /* TwilioVideo.framework */; };
		5B423E49205ACE200017B3E5 /* AudioToolbox.framework in Frameworks */ = {isa = PBXBuildFile; fileRef = 5B423E48205ACE200017B3E5 /* AudioToolbox.framework */; };
		5B423E4B205ACE2A0017B3E5 /* VideoToolbox.framework in Frameworks */ = {isa = PBXBuildFile; fileRef = 5B423E4A205ACE290017B3E5 /* VideoToolbox.framework */; };
		5B423E4D205ACE410017B3E5 /* AVKit.framework in Frameworks */ = {isa = PBXBuildFile; fileRef = 5B423E4C205ACE410017B3E5 /* AVKit.framework */; };
		5B423E4F205ACE560017B3E5 /* CoreTelephony.framework in Frameworks */ = {isa = PBXBuildFile; fileRef = 5B423E4E205ACE560017B3E5 /* CoreTelephony.framework */; };
		5B423E51205ACE640017B3E5 /* GLKit.framework in Frameworks */ = {isa = PBXBuildFile; fileRef = 5B423E50205ACE640017B3E5 /* GLKit.framework */; };
		5B423E53205ACE7A0017B3E5 /* CoreMedia.framework in Frameworks */ = {isa = PBXBuildFile; fileRef = 5B423E52205ACE7A0017B3E5 /* CoreMedia.framework */; };
		5B423E55205ACE870017B3E5 /* SystemConfiguration.framework in Frameworks */ = {isa = PBXBuildFile; fileRef = 5B423E54205ACE870017B3E5 /* SystemConfiguration.framework */; };
		5B423E57205ACEA90017B3E5 /* libc++.tbd in Frameworks */ = {isa = PBXBuildFile; fileRef = 5B423E56205ACEA90017B3E5 /* libc++.tbd */; };
		5B57C2BF2061447D00B794F2 /* Settings.swift in Sources */ = {isa = PBXBuildFile; fileRef = 5B57C2BE2061447D00B794F2 /* Settings.swift */; };
		5B8A3B69205AC4AA004136F4 /* AppDelegate.swift in Sources */ = {isa = PBXBuildFile; fileRef = 5B8A3B68205AC4AA004136F4 /* AppDelegate.swift */; };
		5B8A3B6B205AC4AA004136F4 /* ViewController.swift in Sources */ = {isa = PBXBuildFile; fileRef = 5B8A3B6A205AC4AA004136F4 /* ViewController.swift */; };
		5B8A3B6E205AC4AA004136F4 /* Main.storyboard in Resources */ = {isa = PBXBuildFile; fileRef = 5B8A3B6C205AC4AA004136F4 /* Main.storyboard */; };
		5B8A3B70205AC4AA004136F4 /* Assets.xcassets in Resources */ = {isa = PBXBuildFile; fileRef = 5B8A3B6F205AC4AA004136F4 /* Assets.xcassets */; };
		5B8A3B73205AC4AA004136F4 /* LaunchScreen.storyboard in Resources */ = {isa = PBXBuildFile; fileRef = 5B8A3B71205AC4AA004136F4 /* LaunchScreen.storyboard */; };
		5BE679F1205FB9DB00FDC046 /* Utils.swift in Sources */ = {isa = PBXBuildFile; fileRef = 5BE679F0205FB9DB00FDC046 /* Utils.swift */; };
		5BE679F3205FBC8E00FDC046 /* ViewControllerDelegates.swift in Sources */ = {isa = PBXBuildFile; fileRef = 5BE679F2205FBC8E00FDC046 /* ViewControllerDelegates.swift */; };
		B7CA99E4366C64618DBA3203 /* Pods_wechat.framework in Frameworks */ = {isa = PBXBuildFile; fileRef = EC67A585FA1922F2DD123746 /* Pods_wechat.framework */; };
/* End PBXBuildFile section */

/* Begin PBXFileReference section */
		24A662C8FC08551BFB80B28B /* Pods-wechat.debug.xcconfig */ = {isa = PBXFileReference; includeInIndex = 1; lastKnownFileType = text.xcconfig; name = "Pods-wechat.debug.xcconfig"; path = "Pods/Target Support Files/Pods-wechat/Pods-wechat.debug.xcconfig"; sourceTree = "<group>"; };
		25A6602C40A83DC0379624A0 /* Pods-wechat.release.xcconfig */ = {isa = PBXFileReference; includeInIndex = 1; lastKnownFileType = text.xcconfig; name = "Pods-wechat.release.xcconfig"; path = "Pods/Target Support Files/Pods-wechat/Pods-wechat.release.xcconfig"; sourceTree = "<group>"; };
		5B423E46205ACE130017B3E5 /* TwilioVideo.framework */ = {isa = PBXFileReference; lastKnownFileType = wrapper.framework; name = TwilioVideo.framework; path = Pods/TwilioVideo/TwilioVideo.framework; sourceTree = "<group>"; };
		5B423E48205ACE200017B3E5 /* AudioToolbox.framework */ = {isa = PBXFileReference; lastKnownFileType = wrapper.framework; name = AudioToolbox.framework; path = System/Library/Frameworks/AudioToolbox.framework; sourceTree = SDKROOT; };
		5B423E4A205ACE290017B3E5 /* VideoToolbox.framework */ = {isa = PBXFileReference; lastKnownFileType = wrapper.framework; name = VideoToolbox.framework; path = System/Library/Frameworks/VideoToolbox.framework; sourceTree = SDKROOT; };
		5B423E4C205ACE410017B3E5 /* AVKit.framework */ = {isa = PBXFileReference; lastKnownFileType = wrapper.framework; name = AVKit.framework; path = System/Library/Frameworks/AVKit.framework; sourceTree = SDKROOT; };
		5B423E4E205ACE560017B3E5 /* CoreTelephony.framework */ = {isa = PBXFileReference; lastKnownFileType = wrapper.framework; name = CoreTelephony.framework; path = System/Library/Frameworks/CoreTelephony.framework; sourceTree = SDKROOT; };
		5B423E50205ACE640017B3E5 /* GLKit.framework */ = {isa = PBXFileReference; lastKnownFileType = wrapper.framework; name = GLKit.framework; path = System/Library/Frameworks/GLKit.framework; sourceTree = SDKROOT; };
		5B423E52205ACE7A0017B3E5 /* CoreMedia.framework */ = {isa = PBXFileReference; lastKnownFileType = wrapper.framework; name = CoreMedia.framework; path = System/Library/Frameworks/CoreMedia.framework; sourceTree = SDKROOT; };
		5B423E54205ACE870017B3E5 /* SystemConfiguration.framework */ = {isa = PBXFileReference; lastKnownFileType = wrapper.framework; name = SystemConfiguration.framework; path = System/Library/Frameworks/SystemConfiguration.framework; sourceTree = SDKROOT; };
		5B423E56205ACEA90017B3E5 /* libc++.tbd */ = {isa = PBXFileReference; lastKnownFileType = "sourcecode.text-based-dylib-definition"; name = "libc++.tbd"; path = "usr/lib/libc++.tbd"; sourceTree = SDKROOT; };
		5B57C2BE2061447D00B794F2 /* Settings.swift */ = {isa = PBXFileReference; lastKnownFileType = sourcecode.swift; path = Settings.swift; sourceTree = "<group>"; };
		5B8A3B65205AC4AA004136F4 /* wechat.app */ = {isa = PBXFileReference; explicitFileType = wrapper.application; includeInIndex = 0; path = wechat.app; sourceTree = BUILT_PRODUCTS_DIR; };
		5B8A3B68205AC4AA004136F4 /* AppDelegate.swift */ = {isa = PBXFileReference; lastKnownFileType = sourcecode.swift; path = AppDelegate.swift; sourceTree = "<group>"; };
		5B8A3B6A205AC4AA004136F4 /* ViewController.swift */ = {isa = PBXFileReference; lastKnownFileType = sourcecode.swift; path = ViewController.swift; sourceTree = "<group>"; };
		5B8A3B6D205AC4AA004136F4 /* Base */ = {isa = PBXFileReference; lastKnownFileType = file.storyboard; name = Base; path = Base.lproj/Main.storyboard; sourceTree = "<group>"; };
		5B8A3B6F205AC4AA004136F4 /* Assets.xcassets */ = {isa = PBXFileReference; lastKnownFileType = folder.assetcatalog; path = Assets.xcassets; sourceTree = "<group>"; };
		5B8A3B72205AC4AA004136F4 /* Base */ = {isa = PBXFileReference; lastKnownFileType = file.storyboard; name = Base; path = Base.lproj/LaunchScreen.storyboard; sourceTree = "<group>"; };
		5B8A3B74205AC4AA004136F4 /* Info.plist */ = {isa = PBXFileReference; lastKnownFileType = text.plist.xml; path = Info.plist; sourceTree = "<group>"; };
		5BE679F0205FB9DB00FDC046 /* Utils.swift */ = {isa = PBXFileReference; lastKnownFileType = sourcecode.swift; path = Utils.swift; sourceTree = "<group>"; };
		5BE679F2205FBC8E00FDC046 /* ViewControllerDelegates.swift */ = {isa = PBXFileReference; lastKnownFileType = sourcecode.swift; path = ViewControllerDelegates.swift; sourceTree = "<group>"; };
		EC67A585FA1922F2DD123746 /* Pods_wechat.framework */ = {isa = PBXFileReference; explicitFileType = wrapper.framework; includeInIndex = 0; path = Pods_wechat.framework; sourceTree = BUILT_PRODUCTS_DIR; };
/* End PBXFileReference section */

/* Begin PBXFrameworksBuildPhase section */
		5B8A3B62205AC4AA004136F4 /* Frameworks */ = {
			isa = PBXFrameworksBuildPhase;
			buildActionMask = 2147483647;
			files = (
				5B423E57205ACEA90017B3E5 /* libc++.tbd in Frameworks */,
				5B423E55205ACE870017B3E5 /* SystemConfiguration.framework in Frameworks */,
				5B423E53205ACE7A0017B3E5 /* CoreMedia.framework in Frameworks */,
				5B423E51205ACE640017B3E5 /* GLKit.framework in Frameworks */,
				5B423E4F205ACE560017B3E5 /* CoreTelephony.framework in Frameworks */,
				5B423E4D205ACE410017B3E5 /* AVKit.framework in Frameworks */,
				5B423E4B205ACE2A0017B3E5 /* VideoToolbox.framework in Frameworks */,
				5B423E49205ACE200017B3E5 /* AudioToolbox.framework in Frameworks */,
				5B423E47205ACE130017B3E5 /* TwilioVideo.framework in Frameworks */,
				B7CA99E4366C64618DBA3203 /* Pods_wechat.framework in Frameworks */,
			);
			runOnlyForDeploymentPostprocessing = 0;
		};
/* End PBXFrameworksBuildPhase section */

/* Begin PBXGroup section */
		5B8A3B5C205AC4AA004136F4 = {
			isa = PBXGroup;
			children = (
				5BE679EF205FB9C700FDC046 /* Utils */,
				5B8A3B67205AC4AA004136F4 /* wechat */,
				5B8A3B66205AC4AA004136F4 /* Products */,
				D2F91EE352E0EE43725268F0 /* Pods */,
				A7E171E026A72B95A86849B9 /* Frameworks */,
			);
			sourceTree = "<group>";
		};
		5B8A3B66205AC4AA004136F4 /* Products */ = {
			isa = PBXGroup;
			children = (
				5B8A3B65205AC4AA004136F4 /* wechat.app */,
			);
			name = Products;
			sourceTree = "<group>";
		};
		5B8A3B67205AC4AA004136F4 /* wechat */ = {
			isa = PBXGroup;
			children = (
				5B8A3B6F205AC4AA004136F4 /* Assets.xcassets */,
				5B8A3B68205AC4AA004136F4 /* AppDelegate.swift */,
				5BE679F2205FBC8E00FDC046 /* ViewControllerDelegates.swift */,
				5B8A3B6A205AC4AA004136F4 /* ViewController.swift */,
				5B8A3B71205AC4AA004136F4 /* LaunchScreen.storyboard */,
				5B8A3B6C205AC4AA004136F4 /* Main.storyboard */,
				5B8A3B74205AC4AA004136F4 /* Info.plist */,
			);
			path = wechat;
			sourceTree = "<group>";
		};
		5BE679EF205FB9C700FDC046 /* Utils */ = {
			isa = PBXGroup;
			children = (
				5BE679F0205FB9DB00FDC046 /* Utils.swift */,
				5B57C2BE2061447D00B794F2 /* Settings.swift */,
			);
			path = Utils;
			sourceTree = "<group>";
		};
		A7E171E026A72B95A86849B9 /* Frameworks */ = {
			isa = PBXGroup;
			children = (
				5B423E56205ACEA90017B3E5 /* libc++.tbd */,
				5B423E54205ACE870017B3E5 /* SystemConfiguration.framework */,
				5B423E52205ACE7A0017B3E5 /* CoreMedia.framework */,
				5B423E50205ACE640017B3E5 /* GLKit.framework */,
				5B423E4E205ACE560017B3E5 /* CoreTelephony.framework */,
				5B423E4C205ACE410017B3E5 /* AVKit.framework */,
				5B423E4A205ACE290017B3E5 /* VideoToolbox.framework */,
				5B423E48205ACE200017B3E5 /* AudioToolbox.framework */,
				5B423E46205ACE130017B3E5 /* TwilioVideo.framework */,
				EC67A585FA1922F2DD123746 /* Pods_wechat.framework */,
			);
			name = Frameworks;
			sourceTree = "<group>";
		};
		D2F91EE352E0EE43725268F0 /* Pods */ = {
			isa = PBXGroup;
			children = (
				24A662C8FC08551BFB80B28B /* Pods-wechat.debug.xcconfig */,
				25A6602C40A83DC0379624A0 /* Pods-wechat.release.xcconfig */,
			);
			name = Pods;
			sourceTree = "<group>";
		};
/* End PBXGroup section */

/* Begin PBXNativeTarget section */
		5B8A3B64205AC4AA004136F4 /* wechat */ = {
			isa = PBXNativeTarget;
			buildConfigurationList = 5B8A3B77205AC4AA004136F4 /* Build configuration list for PBXNativeTarget "wechat" */;
			buildPhases = (
				0289D3DEA1B0F08712FEAC98 /* [CP] Check Pods Manifest.lock */,
				5B8A3B61205AC4AA004136F4 /* Sources */,
				5B8A3B62205AC4AA004136F4 /* Frameworks */,
				5B8A3B63205AC4AA004136F4 /* Resources */,
				673F50ADB690902837240205 /* [CP] Embed Pods Frameworks */,
				2CBEB2C168662368386D7664 /* [CP] Copy Pods Resources */,
			);
			buildRules = (
			);
			dependencies = (
			);
			name = wechat;
			productName = wechat;
			productReference = 5B8A3B65205AC4AA004136F4 /* wechat.app */;
			productType = "com.apple.product-type.application";
		};
/* End PBXNativeTarget section */

/* Begin PBXProject section */
		5B8A3B5D205AC4AA004136F4 /* Project object */ = {
			isa = PBXProject;
			attributes = {
				LastSwiftUpdateCheck = 0920;
				LastUpgradeCheck = 0930;
				ORGANIZATIONNAME = "Martin Mungai";
				TargetAttributes = {
					5B8A3B64205AC4AA004136F4 = {
						CreatedOnToolsVersion = 9.2;
						ProvisioningStyle = Automatic;
					};
				};
			};
			buildConfigurationList = 5B8A3B60205AC4AA004136F4 /* Build configuration list for PBXProject "wechat" */;
			compatibilityVersion = "Xcode 8.0";
			developmentRegion = en;
			hasScannedForEncodings = 0;
			knownRegions = (
				en,
				Base,
			);
			mainGroup = 5B8A3B5C205AC4AA004136F4;
			productRefGroup = 5B8A3B66205AC4AA004136F4 /* Products */;
			projectDirPath = "";
			projectRoot = "";
			targets = (
				5B8A3B64205AC4AA004136F4 /* wechat */,
			);
		};
/* End PBXProject section */

/* Begin PBXResourcesBuildPhase section */
		5B8A3B63205AC4AA004136F4 /* Resources */ = {
			isa = PBXResourcesBuildPhase;
			buildActionMask = 2147483647;
			files = (
				5B8A3B73205AC4AA004136F4 /* LaunchScreen.storyboard in Resources */,
				5B8A3B70205AC4AA004136F4 /* Assets.xcassets in Resources */,
				5B8A3B6E205AC4AA004136F4 /* Main.storyboard in Resources */,
			);
			runOnlyForDeploymentPostprocessing = 0;
		};
/* End PBXResourcesBuildPhase section */

/* Begin PBXShellScriptBuildPhase section */
		0289D3DEA1B0F08712FEAC98 /* [CP] Check Pods Manifest.lock */ = {
			isa = PBXShellScriptBuildPhase;
			buildActionMask = 2147483647;
			files = (
			);
			inputPaths = (
				"${PODS_PODFILE_DIR_PATH}/Podfile.lock",
				"${PODS_ROOT}/Manifest.lock",
			);
			name = "[CP] Check Pods Manifest.lock";
			outputPaths = (
				"$(DERIVED_FILE_DIR)/Pods-wechat-checkManifestLockResult.txt",
			);
			runOnlyForDeploymentPostprocessing = 0;
			shellPath = /bin/sh;
			shellScript = "diff \"${PODS_PODFILE_DIR_PATH}/Podfile.lock\" \"${PODS_ROOT}/Manifest.lock\" > /dev/null\nif [ $? != 0 ] ; then\n    # print error to STDERR\n    echo \"error: The sandbox is not in sync with the Podfile.lock. Run 'pod install' or update your CocoaPods installation.\" >&2\n    exit 1\nfi\n# This output is used by Xcode 'outputs' to avoid re-running this script phase.\necho \"SUCCESS\" > \"${SCRIPT_OUTPUT_FILE_0}\"\n";
			showEnvVarsInLog = 0;
		};
		2CBEB2C168662368386D7664 /* [CP] Copy Pods Resources */ = {
			isa = PBXShellScriptBuildPhase;
			buildActionMask = 2147483647;
			files = (
			);
			inputPaths = (
			);
			name = "[CP] Copy Pods Resources";
			outputPaths = (
			);
			runOnlyForDeploymentPostprocessing = 0;
			shellPath = /bin/sh;
			shellScript = "\"${SRCROOT}/Pods/Target Support Files/Pods-wechat/Pods-wechat-resources.sh\"\n";
			showEnvVarsInLog = 0;
		};
		673F50ADB690902837240205 /* [CP] Embed Pods Frameworks */ = {
			isa = PBXShellScriptBuildPhase;
			buildActionMask = 2147483647;
			files = (
			);
			inputPaths = (
				"${SRCROOT}/Pods/Target Support Files/Pods-wechat/Pods-wechat-frameworks.sh",
				"${BUILT_PRODUCTS_DIR}/MarqueeLabel/MarqueeLabel.framework",
				"${BUILT_PRODUCTS_DIR}/NotificationBannerSwift/NotificationBannerSwift.framework",
				"${BUILT_PRODUCTS_DIR}/SnapKit/SnapKit.framework",
				"${PODS_ROOT}/TwilioVideo/TwilioVideo.framework",
			);
			name = "[CP] Embed Pods Frameworks";
			outputPaths = (
				"${TARGET_BUILD_DIR}/${FRAMEWORKS_FOLDER_PATH}/MarqueeLabel.framework",
				"${TARGET_BUILD_DIR}/${FRAMEWORKS_FOLDER_PATH}/NotificationBannerSwift.framework",
				"${TARGET_BUILD_DIR}/${FRAMEWORKS_FOLDER_PATH}/SnapKit.framework",
				"${TARGET_BUILD_DIR}/${FRAMEWORKS_FOLDER_PATH}/TwilioVideo.framework",
			);
			runOnlyForDeploymentPostprocessing = 0;
			shellPath = /bin/sh;
			shellScript = "\"${SRCROOT}/Pods/Target Support Files/Pods-wechat/Pods-wechat-frameworks.sh\"\n";
			showEnvVarsInLog = 0;
		};
/* End PBXShellScriptBuildPhase section */

/* Begin PBXSourcesBuildPhase section */
		5B8A3B61205AC4AA004136F4 /* Sources */ = {
			isa = PBXSourcesBuildPhase;
			buildActionMask = 2147483647;
			files = (
				5B8A3B6B205AC4AA004136F4 /* ViewController.swift in Sources */,
				5BE679F3205FBC8E00FDC046 /* ViewControllerDelegates.swift in Sources */,
				5B8A3B69205AC4AA004136F4 /* AppDelegate.swift in Sources */,
				5BE679F1205FB9DB00FDC046 /* Utils.swift in Sources */,
				5B57C2BF2061447D00B794F2 /* Settings.swift in Sources */,
			);
			runOnlyForDeploymentPostprocessing = 0;
		};
/* End PBXSourcesBuildPhase section */

/* Begin PBXVariantGroup section */
		5B8A3B6C205AC4AA004136F4 /* Main.storyboard */ = {
			isa = PBXVariantGroup;
			children = (
				5B8A3B6D205AC4AA004136F4 /* Base */,
			);
			name = Main.storyboard;
			sourceTree = "<group>";
		};
		5B8A3B71205AC4AA004136F4 /* LaunchScreen.storyboard */ = {
			isa = PBXVariantGroup;
			children = (
				5B8A3B72205AC4AA004136F4 /* Base */,
			);
			name = LaunchScreen.storyboard;
			sourceTree = "<group>";
		};
/* End PBXVariantGroup section */

/* Begin XCBuildConfiguration section */
		5B8A3B75205AC4AA004136F4 /* Debug */ = {
			isa = XCBuildConfiguration;
			buildSettings = {
				ALWAYS_SEARCH_USER_PATHS = NO;
				CLANG_ANALYZER_NONNULL = YES;
				CLANG_ANALYZER_NUMBER_OBJECT_CONVERSION = YES_AGGRESSIVE;
				CLANG_CXX_LANGUAGE_STANDARD = "gnu++14";
				CLANG_CXX_LIBRARY = "libc++";
				CLANG_ENABLE_MODULES = YES;
				CLANG_ENABLE_OBJC_ARC = YES;
				CLANG_WARN_BLOCK_CAPTURE_AUTORELEASING = YES;
				CLANG_WARN_BOOL_CONVERSION = YES;
				CLANG_WARN_COMMA = YES;
				CLANG_WARN_CONSTANT_CONVERSION = YES;
				CLANG_WARN_DEPRECATED_OBJC_IMPLEMENTATIONS = YES;
				CLANG_WARN_DIRECT_OBJC_ISA_USAGE = YES_ERROR;
				CLANG_WARN_DOCUMENTATION_COMMENTS = YES;
				CLANG_WARN_EMPTY_BODY = YES;
				CLANG_WARN_ENUM_CONVERSION = YES;
				CLANG_WARN_INFINITE_RECURSION = YES;
				CLANG_WARN_INT_CONVERSION = YES;
				CLANG_WARN_NON_LITERAL_NULL_CONVERSION = YES;
				CLANG_WARN_OBJC_IMPLICIT_RETAIN_SELF = YES;
				CLANG_WARN_OBJC_LITERAL_CONVERSION = YES;
				CLANG_WARN_OBJC_ROOT_CLASS = YES_ERROR;
				CLANG_WARN_RANGE_LOOP_ANALYSIS = YES;
				CLANG_WARN_STRICT_PROTOTYPES = YES;
				CLANG_WARN_SUSPICIOUS_MOVE = YES;
				CLANG_WARN_UNGUARDED_AVAILABILITY = YES_AGGRESSIVE;
				CLANG_WARN_UNREACHABLE_CODE = YES;
				CLANG_WARN__DUPLICATE_METHOD_MATCH = YES;
				CODE_SIGN_IDENTITY = "iPhone Developer";
				COPY_PHASE_STRIP = NO;
				DEBUG_INFORMATION_FORMAT = dwarf;
				ENABLE_STRICT_OBJC_MSGSEND = YES;
				ENABLE_TESTABILITY = YES;
				GCC_C_LANGUAGE_STANDARD = gnu11;
				GCC_DYNAMIC_NO_PIC = NO;
				GCC_NO_COMMON_BLOCKS = YES;
				GCC_OPTIMIZATION_LEVEL = 0;
				GCC_PREPROCESSOR_DEFINITIONS = (
					"DEBUG=1",
					"$(inherited)",
				);
				GCC_WARN_64_TO_32_BIT_CONVERSION = YES;
				GCC_WARN_ABOUT_RETURN_TYPE = YES_ERROR;
				GCC_WARN_UNDECLARED_SELECTOR = YES;
				GCC_WARN_UNINITIALIZED_AUTOS = YES_AGGRESSIVE;
				GCC_WARN_UNUSED_FUNCTION = YES;
				GCC_WARN_UNUSED_VARIABLE = YES;
				IPHONEOS_DEPLOYMENT_TARGET = 11.2;
				MTL_ENABLE_DEBUG_INFO = YES;
				ONLY_ACTIVE_ARCH = YES;
				SDKROOT = iphoneos;
				SWIFT_ACTIVE_COMPILATION_CONDITIONS = DEBUG;
				SWIFT_OPTIMIZATION_LEVEL = "-Onone";
			};
			name = Debug;
		};
		5B8A3B76205AC4AA004136F4 /* Release */ = {
			isa = XCBuildConfiguration;
			buildSettings = {
				ALWAYS_SEARCH_USER_PATHS = NO;
				CLANG_ANALYZER_NONNULL = YES;
				CLANG_ANALYZER_NUMBER_OBJECT_CONVERSION = YES_AGGRESSIVE;
				CLANG_CXX_LANGUAGE_STANDARD = "gnu++14";
				CLANG_CXX_LIBRARY = "libc++";
				CLANG_ENABLE_MODULES = YES;
				CLANG_ENABLE_OBJC_ARC = YES;
				CLANG_WARN_BLOCK_CAPTURE_AUTORELEASING = YES;
				CLANG_WARN_BOOL_CONVERSION = YES;
				CLANG_WARN_COMMA = YES;
				CLANG_WARN_CONSTANT_CONVERSION = YES;
				CLANG_WARN_DEPRECATED_OBJC_IMPLEMENTATIONS = YES;
				CLANG_WARN_DIRECT_OBJC_ISA_USAGE = YES_ERROR;
				CLANG_WARN_DOCUMENTATION_COMMENTS = YES;
				CLANG_WARN_EMPTY_BODY = YES;
				CLANG_WARN_ENUM_CONVERSION = YES;
				CLANG_WARN_INFINITE_RECURSION = YES;
				CLANG_WARN_INT_CONVERSION = YES;
				CLANG_WARN_NON_LITERAL_NULL_CONVERSION = YES;
				CLANG_WARN_OBJC_IMPLICIT_RETAIN_SELF = YES;
				CLANG_WARN_OBJC_LITERAL_CONVERSION = YES;
				CLANG_WARN_OBJC_ROOT_CLASS = YES_ERROR;
				CLANG_WARN_RANGE_LOOP_ANALYSIS = YES;
				CLANG_WARN_STRICT_PROTOTYPES = YES;
				CLANG_WARN_SUSPICIOUS_MOVE = YES;
				CLANG_WARN_UNGUARDED_AVAILABILITY = YES_AGGRESSIVE;
				CLANG_WARN_UNREACHABLE_CODE = YES;
				CLANG_WARN__DUPLICATE_METHOD_MATCH = YES;
				CODE_SIGN_IDENTITY = "iPhone Developer";
				COPY_PHASE_STRIP = NO;
				DEBUG_INFORMATION_FORMAT = "dwarf-with-dsym";
				ENABLE_NS_ASSERTIONS = NO;
				ENABLE_STRICT_OBJC_MSGSEND = YES;
				GCC_C_LANGUAGE_STANDARD = gnu11;
				GCC_NO_COMMON_BLOCKS = YES;
				GCC_WARN_64_TO_32_BIT_CONVERSION = YES;
				GCC_WARN_ABOUT_RETURN_TYPE = YES_ERROR;
				GCC_WARN_UNDECLARED_SELECTOR = YES;
				GCC_WARN_UNINITIALIZED_AUTOS = YES_AGGRESSIVE;
				GCC_WARN_UNUSED_FUNCTION = YES;
				GCC_WARN_UNUSED_VARIABLE = YES;
				IPHONEOS_DEPLOYMENT_TARGET = 11.2;
				MTL_ENABLE_DEBUG_INFO = NO;
				SDKROOT = iphoneos;
				SWIFT_OPTIMIZATION_LEVEL = "-Owholemodule";
				VALIDATE_PRODUCT = YES;
			};
			name = Release;
		};
		5B8A3B78205AC4AA004136F4 /* Debug */ = {
			isa = XCBuildConfiguration;
			baseConfigurationReference = 24A662C8FC08551BFB80B28B /* Pods-wechat.debug.xcconfig */;
			buildSettings = {
				ASSETCATALOG_COMPILER_APPICON_NAME = AppIcon;
				CODE_SIGN_STYLE = Automatic;
				DEVELOPMENT_TEAM = N9J69K4A53;
				FRAMEWORK_SEARCH_PATHS = (
					"$(inherited)",
					"$(PROJECT_DIR)/Pods/TwilioVideo",
				);
				INFOPLIST_FILE = wechat/Info.plist;
				LD_RUNPATH_SEARCH_PATHS = "$(inherited) @executable_path/Frameworks";
				PRODUCT_BUNDLE_IDENTIFIER = com.martin.wechat;
				PRODUCT_NAME = "$(TARGET_NAME)";
				SWIFT_VERSION = 4.0;
				TARGETED_DEVICE_FAMILY = 1;
			};
			name = Debug;
		};
		5B8A3B79205AC4AA004136F4 /* Release */ = {
			isa = XCBuildConfiguration;
			baseConfigurationReference = 25A6602C40A83DC0379624A0 /* Pods-wechat.release.xcconfig */;
			buildSettings = {
				ASSETCATALOG_COMPILER_APPICON_NAME = AppIcon;
				CODE_SIGN_STYLE = Automatic;
				DEVELOPMENT_TEAM = N9J69K4A53;
				FRAMEWORK_SEARCH_PATHS = (
					"$(inherited)",
					"$(PROJECT_DIR)/Pods/TwilioVideo",
				);
				INFOPLIST_FILE = wechat/Info.plist;
				LD_RUNPATH_SEARCH_PATHS = "$(inherited) @executable_path/Frameworks";
				PRODUCT_BUNDLE_IDENTIFIER = com.martin.wechat;
				PRODUCT_NAME = "$(TARGET_NAME)";
				SWIFT_VERSION = 4.0;
				TARGETED_DEVICE_FAMILY = 1;
			};
			name = Release;
		};
/* End XCBuildConfiguration section */

/* Begin XCConfigurationList section */
		5B8A3B60205AC4AA004136F4 /* Build configuration list for PBXProject "wechat" */ = {
			isa = XCConfigurationList;
			buildConfigurations = (
				5B8A3B75205AC4AA004136F4 /* Debug */,
				5B8A3B76205AC4AA004136F4 /* Release */,
			);
			defaultConfigurationIsVisible = 0;
			defaultConfigurationName = Release;
		};
		5B8A3B77205AC4AA004136F4 /* Build configuration list for PBXNativeTarget "wechat" */ = {
			isa = XCConfigurationList;
			buildConfigurations = (
				5B8A3B78205AC4AA004136F4 /* Debug */,
				5B8A3B79205AC4AA004136F4 /* Release */,
			);
			defaultConfigurationIsVisible = 0;
			defaultConfigurationName = Release;
		};
/* End XCConfigurationList section */
	};
	rootObject = 5B8A3B5D205AC4AA004136F4 /* Project object */;
}
